
Microsoft Visual Studio Solution File, Format Version 12.00
# Visual Studio 15
VisualStudioVersion = 15.0.26730.16
MinimumVisualStudioVersion = 10.0.40219.1
Project("{FAE04EC0-301F-11D3-BF4B-00C04F79EFBC}") = "CelebritiesProject", "CelebritiesProject\CelebritiesProject.csproj", "{302E8894-10F1-471E-9113-63CD53518D24}"
EndProject
Project("{FAE04EC0-301F-11D3-BF4B-00C04F79EFBC}") = "Core", "Core\Core.csproj", "{EE185317-31BD-4C66-BF07-BC5692B20563}"
EndProject
Global
	GlobalSection(SolutionConfigurationPlatforms) = preSolution
		Debug|Any CPU = Debug|Any CPU
		Release|Any CPU = Release|Any CPU
	EndGlobalSection
	GlobalSection(ProjectConfigurationPlatforms) = postSolution
		{302E8894-10F1-471E-9113-63CD53518D24}.Debug|Any CPU.ActiveCfg = Debug|Any CPU
		{302E8894-10F1-471E-9113-63CD53518D24}.Debug|Any CPU.Build.0 = Debug|Any CPU
		{302E8894-10F1-471E-9113-63CD53518D24}.Release|Any CPU.ActiveCfg = Release|Any CPU
		{302E8894-10F1-471E-9113-63CD53518D24}.Release|Any CPU.Build.0 = Release|Any CPU
		{EE185317-31BD-4C66-BF07-BC5692B20563}.Debug|Any CPU.ActiveCfg = Debug|Any CPU
		{EE185317-31BD-4C66-BF07-BC5692B20563}.Debug|Any CPU.Build.0 = Debug|Any CPU
		{EE185317-31BD-4C66-BF07-BC5692B20563}.Release|Any CPU.ActiveCfg = Release|Any CPU
		{EE185317-31BD-4C66-BF07-BC5692B20563}.Release|Any CPU.Build.0 = Release|Any CPU
	EndGlobalSection
	GlobalSection(SolutionProperties) = preSolution
		HideSolutionNode = FALSE
	EndGlobalSection
	GlobalSection(ExtensibilityGlobals) = postSolution
		SolutionGuid = {A7340F0A-0C69-4CFF-B066-AAC1B00786F2}
	EndGlobalSection
EndGlobal
